Microsoft Visual Studio Solution File, Format Version 12.00
# Visual Studio Version 17
VisualStudioVersion = 17.5.2.0
MinimumVisualStudioVersion = 10.0.40219.1
Project("{FAE04EC0-301F-11D3-BF4B-00C04F79EFBC}") = "EFCoreDemo", "EFCoreDemo\EFCoreDemo.csproj", "{31AFDDAD-F1CB-C487-29AE-9E146A30EDD7}"
EndProject
Global
	GlobalSection(SolutionConfigurationPlatforms) = preSolution
		Debug|Any CPU = Debug|Any CPU
		Release|Any CPU = Release|Any CPU
	EndGlobalSection
	GlobalSection(ProjectConfigurationPlatforms) = postSolution
		{31AFDDAD-F1CB-C487-29AE-9E146A30EDD7}.Debug|Any CPU.ActiveCfg = Debug|Any CPU
		{31AFDDAD-F1CB-C487-29AE-9E146A30EDD7}.Debug|Any CPU.Build.0 = Debug|Any CPU
		{31AFDDAD-F1CB-C487-29AE-9E146A30EDD7}.Release|Any CPU.ActiveCfg = Release|Any CPU
		{31AFDDAD-F1CB-C487-29AE-9E146A30EDD7}.Release|Any CPU.Build.0 = Release|Any CPU
	EndGlobalSection
	GlobalSection(SolutionProperties) = preSolution
		HideSolutionNode = FALSE
	EndGlobalSection
	GlobalSection(ExtensibilityGlobals) = postSolution
		SolutionGuid = {D3F540A0-65B6-4A73-8F65-B717C4C772F8}
	EndGlobalSection
EndGlobal
