Microsoft Visual Studio Solution File, Format Version 12.00
# Visual Studio Version 17
VisualStudioVersion = 17.5.2.0
MinimumVisualStudioVersion = 10.0.40219.1
Project("{FAE04EC0-301F-11D3-BF4B-00C04F79EFBC}") = "FinancialForecastApp", "FinancialForecastApp.csproj", "{E9C38701-B617-D201-1140-FABE6CD1D022}"
EndProject
Global
	GlobalSection(SolutionConfigurationPlatforms) = preSolution
		Debug|Any CPU = Debug|Any CPU
		Release|Any CPU = Release|Any CPU
	EndGlobalSection
	GlobalSection(ProjectConfigurationPlatforms) = postSolution
		{E9C38701-B617-D201-1140-FABE6CD1D022}.Debug|Any CPU.ActiveCfg = Debug|Any CPU
		{E9C38701-B617-D201-1140-FABE6CD1D022}.Debug|Any CPU.Build.0 = Debug|Any CPU
		{E9C38701-B617-D201-1140-FABE6CD1D022}.Release|Any CPU.ActiveCfg = Release|Any CPU
		{E9C38701-B617-D201-1140-FABE6CD1D022}.Release|Any CPU.Build.0 = Release|Any CPU
	EndGlobalSection
	GlobalSection(SolutionProperties) = preSolution
		HideSolutionNode = FALSE
	EndGlobalSection
	GlobalSection(ExtensibilityGlobals) = postSolution
		SolutionGuid = {9A55687B-C978-47F5-84A6-058609A91F12}
	EndGlobalSection
EndGlobal
